{
    "_meta": {
        "hash": {
            "sha256": "142ef9511f78f0466c216711dd9ea1aaf488f13ced6794db1e22b03f882c4535"
        },
        "pipfile-spec": 6,
        "requires": {
            "python_version": "3.8"
        },
        "sources": [
            {
                "name": "pypi",
                "url": "https://pypi.org/simple",
                "verify_ssl": true
            }
        ]
    },
    "default": {
        "alembic": {
            "hashes": [
                "sha256:a5ed4adcf6d8a4cb575f3d759f071b03cd6e5c7618eb796cb52497be25bfe19a",
                "sha256:cb6e1fd84b6174ab8dbb2329f86d631ba9559dd78df550b57804d607672cedbc"
            ],
            "index": "pypi",
            "version": "==1.18.4"
        },
        "backports-datetime-fromisoformat": {
            "hashes": [
                "sha256:1314d4923c1509aa9696712a7bc0c7160d3b7acf72adafbbe6c558d523f5d491",
                "sha256:1ea2cc84224937d6b9b4c07f5cb7c667f2bde28c255645ba27f8a675a7af8234"
                // … (rest of hashes unchanged)
            ],
            "markers": "python_version < '3.11'",
            "version": "==2.0.3"
        },
        "blinker": {
            "hashes": [
                "sha256:b4ce2265a7abece45e7cc896e98dbebe6cead56bcf805a3d23136d145f5445bf",
                "sha256:ba0efaa9080b619ff2f3459d1d500c57bddea4a6b424b60a91141db6fd7f08bc"
            ],
            "index": "pypi",
            "version": "==1.9.0"
        },
        "flask-jwt-extended": {
            "hashes": [
                "sha256:905ac807b52b5409bc9244dbcca434968c13ca6f9d91bffe7d4cb71e0e6231cb",
                "sha256:a8318a3d983d1f360724b901889f1947ffee418e2a3950b48e99c70923b6615e"
            ],
            "index": "pypi",
            "version": "==4.7.3"
        },
        "flask-migrate": {
            "hashes": [
                "sha256:1a336b06eb2c3ace005f5f2ded8641d534c18798d64061f6ff11f79e1434126d",
                "sha256:24d8051af161782e0743af1b04a152d007bad9772b2bca67b7ec1e8ceeb3910d"
            ],
            "index": "pypi",
            "version": "==4.1.0"
        },
        "flask-sqlalchemy": {
            "hashes": [
                "sha256:4ba4be7f419dc72f4efd8802d69974803c37259dd42f3913b0dcf75c9447e0a0",
                "sha256:e4b68bb881802dda1a7d878b2fc84c06d1ee57fb40b874d3dc97dabfa36b8312"
            ],
            "index": "pypi",
            "version": "==3.1.1"
        },
        "greenlet": {
            "hashes": [
                "sha256:0ecec963079cd58cbd14723582384f11f166fd58883c15dcbfb342e0bc9b5846"
                // … (rest of hashes unchanged)
            ],
            "markers": "python_version >= '3.10'",
            "version": "==3.5.0"
        },
        "importlib-metadata": {
            "hashes": [
                "sha256:2d21d1cc5a017bd0559e36150c21c830ab1dc304dedd1b7ea85d20f45ef3edd7",
                "sha256:a4f57ab599e6a2e3016d7595cfd72eb4661a5106e787a95bcc90c7105b831efc"
            ],
            "markers": "python_version < '3.10'",
            "version": "==9.0.0"
        },
        "mako": {
            "hashes": [
                "sha256:8f61569480282dbf557145ce441e4ba888be453c30989f879f0d652e39f53ea9",
                "sha256:9f778e93289bd410bb35daadeb4fc66d95a746f0b75777b942088b7fd7af550a"
            ],
            "markers": "python_version >= '3.8'",
            "version": "==1.3.12"
        }
        // … rest of dependencies unchanged
    }
}
